
Microsoft Visual Studio Solution File, Format Version 12.00
# Visual Studio Version 16
VisualStudioVersion = 16.0.30011.22
MinimumVisualStudioVersion = 10.0.40219.1
Project("{FAE04EC0-301F-11D3-BF4B-00C04F79EFBC}") = "Tracking", "Tracking\Tracking.csproj", "{13A52059-C878-4244-82E6-7C11FD232C0A}"
EndProject
Project("{FAE04EC0-301F-11D3-BF4B-00C04F79EFBC}") = "Tracking.BL", "Tracking.BL\Tracking.BL.csproj", "{1F101697-13D9-49F0-94D1-7BDCFE562AAA}"
EndProject
Global
	GlobalSection(SolutionConfigurationPlatforms) = preSolution
		Debug|Any CPU = Debug|Any CPU
		Release|Any CPU = Release|Any CPU
	EndGlobalSection
	GlobalSection(ProjectConfigurationPlatforms) = postSolution
		{13A52059-C878-4244-82E6-7C11FD232C0A}.Debug|Any CPU.ActiveCfg = Debug|Any CPU
		{13A52059-C878-4244-82E6-7C11FD232C0A}.Debug|Any CPU.Build.0 = Debug|Any CPU
		{13A52059-C878-4244-82E6-7C11FD232C0A}.Release|Any CPU.ActiveCfg = Release|Any CPU
		{13A52059-C878-4244-82E6-7C11FD232C0A}.Release|Any CPU.Build.0 = Release|Any CPU
		{1F101697-13D9-49F0-94D1-7BDCFE562AAA}.Debug|Any CPU.ActiveCfg = Debug|Any CPU
		{1F101697-13D9-49F0-94D1-7BDCFE562AAA}.Debug|Any CPU.Build.0 = Debug|Any CPU
		{1F101697-13D9-49F0-94D1-7BDCFE562AAA}.Release|Any CPU.ActiveCfg = Release|Any CPU
		{1F101697-13D9-49F0-94D1-7BDCFE562AAA}.Release|Any CPU.Build.0 = Release|Any CPU
	EndGlobalSection
	GlobalSection(SolutionProperties) = preSolution
		HideSolutionNode = FALSE
	EndGlobalSection
	GlobalSection(ExtensibilityGlobals) = postSolution
		SolutionGuid = {747EB39C-A5D1-485A-AAE9-D1FEE0BBC293}
	EndGlobalSection
EndGlobal
